
Microsoft Visual Studio Solution File, Format Version 12.00
# Visual Studio Version 16
VisualStudioVersion = 16.0.31829.152
MinimumVisualStudioVersion = 10.0.40219.1
Project("{9A19103F-16F7-4668-BE54-9A1E7A4F7556}") = "eHouseManager.Web", "eHouseManager.Web\eHouseManager.Web.csproj", "{15C9BD7F-0C46-4734-B9DA-325A1480E06A}"
EndProject
Project("{9A19103F-16F7-4668-BE54-9A1E7A4F7556}") = "eHouseManager.Data", "eHouseManager.Data\eHouseManager.Data.csproj", "{E34EF854-2E8E-4E2F-AFA5-010641388EF7}"
EndProject
Project("{9A19103F-16F7-4668-BE54-9A1E7A4F7556}") = "eHouseManager.Services", "eHouseManager.Services\eHouseManager.Services.csproj", "{EC748222-4763-4DBC-AE7F-F13EE795D3FD}"
EndProject
Project("{FAE04EC0-301F-11D3-BF4B-00C04F79EFBC}") = "eHouseManager.Common", "eHouseManager.Common\eHouseManager.Common.csproj", "{1251E9F8-DABC-44B6-96AA-74BD97599D92}"
EndProject
Global
	GlobalSection(SolutionConfigurationPlatforms) = preSolution
		Debug|Any CPU = Debug|Any CPU
		Release|Any CPU = Release|Any CPU
	EndGlobalSection
	GlobalSection(ProjectConfigurationPlatforms) = postSolution
		{15C9BD7F-0C46-4734-B9DA-325A1480E06A}.Debug|Any CPU.ActiveCfg = Debug|Any CPU
		{15C9BD7F-0C46-4734-B9DA-325A1480E06A}.Debug|Any CPU.Build.0 = Debug|Any CPU
		{15C9BD7F-0C46-4734-B9DA-325A1480E06A}.Release|Any CPU.ActiveCfg = Release|Any CPU
		{15C9BD7F-0C46-4734-B9DA-325A1480E06A}.Release|Any CPU.Build.0 = Release|Any CPU
		{E34EF854-2E8E-4E2F-AFA5-010641388EF7}.Debug|Any CPU.ActiveCfg = Debug|Any CPU
		{E34EF854-2E8E-4E2F-AFA5-010641388EF7}.Debug|Any CPU.Build.0 = Debug|Any CPU
		{E34EF854-2E8E-4E2F-AFA5-010641388EF7}.Release|Any CPU.ActiveCfg = Release|Any CPU
		{E34EF854-2E8E-4E2F-AFA5-010641388EF7}.Release|Any CPU.Build.0 = Release|Any CPU
		{EC748222-4763-4DBC-AE7F-F13EE795D3FD}.Debug|Any CPU.ActiveCfg = Debug|Any CPU
		{EC748222-4763-4DBC-AE7F-F13EE795D3FD}.Debug|Any CPU.Build.0 = Debug|Any CPU
		{EC748222-4763-4DBC-AE7F-F13EE795D3FD}.Release|Any CPU.ActiveCfg = Release|Any CPU
		{EC748222-4763-4DBC-AE7F-F13EE795D3FD}.Release|Any CPU.Build.0 = Release|Any CPU
		{1251E9F8-DABC-44B6-96AA-74BD97599D92}.Debug|Any CPU.ActiveCfg = Debug|Any CPU
		{1251E9F8-DABC-44B6-96AA-74BD97599D92}.Debug|Any CPU.Build.0 = Debug|Any CPU
		{1251E9F8-DABC-44B6-96AA-74BD97599D92}.Release|Any CPU.ActiveCfg = Release|Any CPU
		{1251E9F8-DABC-44B6-96AA-74BD97599D92}.Release|Any CPU.Build.0 = Release|Any CPU
	EndGlobalSection
	GlobalSection(SolutionProperties) = preSolution
		HideSolutionNode = FALSE
	EndGlobalSection
	GlobalSection(ExtensibilityGlobals) = postSolution
		SolutionGuid = {4BAB740E-1A25-4EAD-AF4C-08E6429D7F1C}
	EndGlobalSection
EndGlobal
